
Microsoft Visual Studio Solution File, Format Version 12.00
# Visual Studio Version 17
VisualStudioVersion = 17.14.36221.1 d17.14
MinimumVisualStudioVersion = 10.0.40219.1
Project("{FAE04EC0-301F-11D3-BF4B-00C04F79EFBC}") = "RaxOS Neo", "RaxOS Neo\RaxOS Neo.csproj", "{97996D8C-0E5C-45C1-AC20-BE73A6441E69}"
EndProject
Global
	GlobalSection(SolutionConfigurationPlatforms) = preSolution
		Debug|Any CPU = Debug|Any CPU
		Release|Any CPU = Release|Any CPU
	EndGlobalSection
	GlobalSection(ProjectConfigurationPlatforms) = postSolution
		{97996D8C-0E5C-45C1-AC20-BE73A6441E69}.Debug|Any CPU.ActiveCfg = Debug|Any CPU
		{97996D8C-0E5C-45C1-AC20-BE73A6441E69}.Debug|Any CPU.Build.0 = Debug|Any CPU
		{97996D8C-0E5C-45C1-AC20-BE73A6441E69}.Release|Any CPU.ActiveCfg = Release|Any CPU
		{97996D8C-0E5C-45C1-AC20-BE73A6441E69}.Release|Any CPU.Build.0 = Release|Any CPU
	EndGlobalSection
	GlobalSection(SolutionProperties) = preSolution
		HideSolutionNode = FALSE
	EndGlobalSection
	GlobalSection(ExtensibilityGlobals) = postSolution
		SolutionGuid = {B9118E33-1DA1-492F-8D64-C5E3690409BE}
	EndGlobalSection
EndGlobal
